
Microsoft Visual Studio Solution File, Format Version 12.00
# Visual Studio Version 17
VisualStudioVersion = 17.6.33801.468
MinimumVisualStudioVersion = 10.0.40219.1
Project("{9A19103F-16F7-4668-BE54-9A1E7A4F7556}") = "Kutuphane.Model", "Kutuphane.Model\Kutuphane.Model.csproj", "{A198EF53-3F38-4AB8-BFB4-E0C826721759}"
EndProject
Project("{9A19103F-16F7-4668-BE54-9A1E7A4F7556}") = "Kutuphane.Repository", "Kutuphane.Repository\Kutuphane.Repository.csproj", "{FB096879-10EE-44B0-A670-3D11BEE7AE33}"
EndProject
Project("{9A19103F-16F7-4668-BE54-9A1E7A4F7556}") = "Kutuphane.Web", "Kutuphane.Web\Kutuphane.Web.csproj", "{B73DF74D-FDEC-45A1-A3F6-61C3ADD101C7}"
EndProject
Project("{9A19103F-16F7-4668-BE54-9A1E7A4F7556}") = "Kutuphane.Api", "Kutuphane.Api\Kutuphane.Api.csproj", "{FFD3C0E8-6B78-44FE-AD90-C304A52BCC4F}"
EndProject
Global
	GlobalSection(SolutionConfigurationPlatforms) = preSolution
		Debug|Any CPU = Debug|Any CPU
		Release|Any CPU = Release|Any CPU
	EndGlobalSection
	GlobalSection(ProjectConfigurationPlatforms) = postSolution
		{A198EF53-3F38-4AB8-BFB4-E0C826721759}.Debug|Any CPU.ActiveCfg = Debug|Any CPU
		{A198EF53-3F38-4AB8-BFB4-E0C826721759}.Debug|Any CPU.Build.0 = Debug|Any CPU
		{A198EF53-3F38-4AB8-BFB4-E0C826721759}.Release|Any CPU.ActiveCfg = Release|Any CPU
		{A198EF53-3F38-4AB8-BFB4-E0C826721759}.Release|Any CPU.Build.0 = Release|Any CPU
		{FB096879-10EE-44B0-A670-3D11BEE7AE33}.Debug|Any CPU.ActiveCfg = Debug|Any CPU
		{FB096879-10EE-44B0-A670-3D11BEE7AE33}.Debug|Any CPU.Build.0 = Debug|Any CPU
		{FB096879-10EE-44B0-A670-3D11BEE7AE33}.Release|Any CPU.ActiveCfg = Release|Any CPU
		{FB096879-10EE-44B0-A670-3D11BEE7AE33}.Release|Any CPU.Build.0 = Release|Any CPU
		{B73DF74D-FDEC-45A1-A3F6-61C3ADD101C7}.Debug|Any CPU.ActiveCfg = Debug|Any CPU
		{B73DF74D-FDEC-45A1-A3F6-61C3ADD101C7}.Debug|Any CPU.Build.0 = Debug|Any CPU
		{B73DF74D-FDEC-45A1-A3F6-61C3ADD101C7}.Release|Any CPU.ActiveCfg = Release|Any CPU
		{B73DF74D-FDEC-45A1-A3F6-61C3ADD101C7}.Release|Any CPU.Build.0 = Release|Any CPU
		{FFD3C0E8-6B78-44FE-AD90-C304A52BCC4F}.Debug|Any CPU.ActiveCfg = Debug|Any CPU
		{FFD3C0E8-6B78-44FE-AD90-C304A52BCC4F}.Debug|Any CPU.Build.0 = Debug|Any CPU
		{FFD3C0E8-6B78-44FE-AD90-C304A52BCC4F}.Release|Any CPU.ActiveCfg = Release|Any CPU
		{FFD3C0E8-6B78-44FE-AD90-C304A52BCC4F}.Release|Any CPU.Build.0 = Release|Any CPU
	EndGlobalSection
	GlobalSection(SolutionProperties) = preSolution
		HideSolutionNode = FALSE
	EndGlobalSection
	GlobalSection(ExtensibilityGlobals) = postSolution
		SolutionGuid = {9BAE4F22-21FB-40F6-9B8C-276396C7D6D0}
	EndGlobalSection
EndGlobal
